// !$*UTF8*$!
{
	archiveVersion = 1;
	classes = {
	};
	objectVersion = 46;
	objects = {

/* Begin PBXBuildFile section */
		C050027F1C04DB9500C0DEA7 /* AppDelegate.swift in Sources */ = {isa = PBXBuildFile; fileRef = C050027E1C04DB9500C0DEA7 /* AppDelegate.swift */; };
		C05002811C04DB9500C0DEA7 /* ViewController.swift in Sources */ = {isa = PBXBuildFile; fileRef = C05002801C04DB9500C0DEA7 /* ViewController.swift */; };
		C05002841C04DB9500C0DEA7 /* Main.storyboard in Resources */ = {isa = PBXBuildFile; fileRef = C05002821C04DB9500C0DEA7 /* Main.storyboard */; };
		C05002861C04DB9500C0DEA7 /* Assets.xcassets in Resources */ = {isa = PBXBuildFile; fileRef = C05002851C04DB9500C0DEA7 /* Assets.xcassets */; };
		C05002891C04DB9500C0DEA7 /* LaunchScreen.storyboard in Resources */ = {isa = PBXBuildFile; fileRef = C05002871C04DB9500C0DEA7 /* LaunchScreen.storyboard */; };
		C05002911C04DF2F00C0DEA7 /* pokemon.csv in Resources */ = {isa = PBXBuildFile; fileRef = C05002901C04DF2F00C0DEA7 /* pokemon.csv */; };
		C05002941C04E0F100C0DEA7 /* Pokemon.swift in Sources */ = {isa = PBXBuildFile; fileRef = C05002931C04E0F100C0DEA7 /* Pokemon.swift */; };
		C05002971C04E80B00C0DEA7 /* PokeCell.swift in Sources */ = {isa = PBXBuildFile; fileRef = C05002961C04E80B00C0DEA7 /* PokeCell.swift */; };
		C05002991C071DC300C0DEA7 /* csv.swift in Sources */ = {isa = PBXBuildFile; fileRef = C05002981C071DC300C0DEA7 /* csv.swift */; };
		C050029E1C07230100C0DEA7 /* pokemon.ttf in Resources */ = {isa = PBXBuildFile; fileRef = C050029D1C07230100C0DEA7 /* pokemon.ttf */; };
		C05002A01C07255300C0DEA7 /* music.mp3 in Resources */ = {isa = PBXBuildFile; fileRef = C050029F1C07255300C0DEA7 /* music.mp3 */; };
/* End PBXBuildFile section */

/* Begin PBXFileReference section */
		C050027B1C04DB9500C0DEA7 /* pokedex.app */ = {isa = PBXFileReference; explicitFileType = wrapper.application; includeInIndex = 0; path = pokedex.app; sourceTree = BUILT_PRODUCTS_DIR; };
		C050027E1C04DB9500C0DEA7 /* AppDelegate.swift */ = {isa = PBXFileReference; lastKnownFileType = sourcecode.swift; path = AppDelegate.swift; sourceTree = "<group>"; };
		C05002801C04DB9500C0DEA7 /* ViewController.swift */ = {isa = PBXFileReference; lastKnownFileType = sourcecode.swift; path = ViewController.swift; sourceTree = "<group>"; };
		C05002831C04DB9500C0DEA7 /* Base */ = {isa = PBXFileReference; lastKnownFileType = file.storyboard; name = Base; path = Base.lproj/Main.storyboard; sourceTree = "<group>"; };
		C05002851C04DB9500C0DEA7 /* Assets.xcassets */ = {isa = PBXFileReference; lastKnownFileType = folder.assetcatalog; path = Assets.xcassets; sourceTree = "<group>"; };
		C05002881C04DB9500C0DEA7 /* Base */ = {isa = PBXFileReference; lastKnownFileType = file.storyboard; name = Base; path = Base.lproj/LaunchScreen.storyboard; sourceTree = "<group>"; };
		C050028A1C04DB9500C0DEA7 /* Info.plist */ = {isa = PBXFileReference; lastKnownFileType = text.plist.xml; path = Info.plist; sourceTree = "<group>"; };
		C05002901C04DF2F00C0DEA7 /* pokemon.csv */ = {isa = PBXFileReference; fileEncoding = 4; lastKnownFileType = text; path = pokemon.csv; sourceTree = "<group>"; };
		C05002931C04E0F100C0DEA7 /* Pokemon.swift */ = {isa = PBXFileReference; fileEncoding = 4; lastKnownFileType = sourcecode.swift; path = Pokemon.swift; sourceTree = "<group>"; };
		C05002961C04E80B00C0DEA7 /* PokeCell.swift */ = {isa = PBXFileReference; fileEncoding = 4; lastKnownFileType = sourcecode.swift; path = PokeCell.swift; sourceTree = "<group>"; };
		C05002981C071DC300C0DEA7 /* csv.swift */ = {isa = PBXFileReference; fileEncoding = 4; lastKnownFileType = sourcecode.swift; path = csv.swift; sourceTree = "<group>"; };
		C050029D1C07230100C0DEA7 /* pokemon.ttf */ = {isa = PBXFileReference; lastKnownFileType = file; path = pokemon.ttf; sourceTree = "<group>"; };
		C050029F1C07255300C0DEA7 /* music.mp3 */ = {isa = PBXFileReference; lastKnownFileType = audio.mp3; path = music.mp3; sourceTree = "<group>"; };
/* End PBXFileReference section */

/* Begin PBXFrameworksBuildPhase section */
		C05002781C04DB9500C0DEA7 /* Frameworks */ = {
			isa = PBXFrameworksBuildPhase;
			buildActionMask = 2147483647;
			files = (
			);
			runOnlyForDeploymentPostprocessing = 0;
		};
/* End PBXFrameworksBuildPhase section */

/* Begin PBXGroup section */
		C05002721C04DB9500C0DEA7 = {
			isa = PBXGroup;
			children = (
				C050027D1C04DB9500C0DEA7 /* pokedex */,
				C050027C1C04DB9500C0DEA7 /* Products */,
			);
			sourceTree = "<group>";
		};
		C050027C1C04DB9500C0DEA7 /* Products */ = {
			isa = PBXGroup;
			children = (
				C050027B1C04DB9500C0DEA7 /* pokedex.app */,
			);
			name = Products;
			sourceTree = "<group>";
		};
		C050027D1C04DB9500C0DEA7 /* pokedex */ = {
			isa = PBXGroup;
			children = (
				C05002921C04E0DE00C0DEA7 /* Model */,
				C05002951C04E7CE00C0DEA7 /* View */,
				C050029B1C071DEF00C0DEA7 /* Controller */,
				C050029C1C071DFB00C0DEA7 /* Resources */,
				C050029A1C071DE000C0DEA7 /* Util */,
				C050027E1C04DB9500C0DEA7 /* AppDelegate.swift */,
				C05002821C04DB9500C0DEA7 /* Main.storyboard */,
				C05002851C04DB9500C0DEA7 /* Assets.xcassets */,
				C05002871C04DB9500C0DEA7 /* LaunchScreen.storyboard */,
				C050028A1C04DB9500C0DEA7 /* Info.plist */,
			);
			path = pokedex;
			sourceTree = "<group>";
		};
		C05002921C04E0DE00C0DEA7 /* Model */ = {
			isa = PBXGroup;
			children = (
				C05002931C04E0F100C0DEA7 /* Pokemon.swift */,
			);
			name = Model;
			sourceTree = "<group>";
		};
		C05002951C04E7CE00C0DEA7 /* View */ = {
			isa = PBXGroup;
			children = (
				C05002961C04E80B00C0DEA7 /* PokeCell.swift */,
			);
			name = View;
			sourceTree = "<group>";
		};
		C050029A1C071DE000C0DEA7 /* Util */ = {
			isa = PBXGroup;
			children = (
				C05002981C071DC300C0DEA7 /* csv.swift */,
			);
			name = Util;
			sourceTree = "<group>";
		};
		C050029B1C071DEF00C0DEA7 /* Controller */ = {
			isa = PBXGroup;
			children = (
				C05002801C04DB9500C0DEA7 /* ViewController.swift */,
			);
			name = Controller;
			sourceTree = "<group>";
		};
		C050029C1C071DFB00C0DEA7 /* Resources */ = {
			isa = PBXGroup;
			children = (
				C050029F1C07255300C0DEA7 /* music.mp3 */,
				C050029D1C07230100C0DEA7 /* pokemon.ttf */,
				C05002901C04DF2F00C0DEA7 /* pokemon.csv */,
			);
			name = Resources;
			sourceTree = "<group>";
		};
/* End PBXGroup section */

/* Begin PBXNativeTarget section */
		C050027A1C04DB9500C0DEA7 /* pokedex */ = {
			isa = PBXNativeTarget;
			buildConfigurationList = C050028D1C04DB9500C0DEA7 /* Build configuration list for PBXNativeTarget "pokedex" */;
			buildPhases = (
				C05002771C04DB9500C0DEA7 /* Sources */,
				C05002781C04DB9500C0DEA7 /* Frameworks */,
				C05002791C04DB9500C0DEA7 /* Resources */,
			);
			buildRules = (
			);
			dependencies = (
			);
			name = pokedex;
			productName = pokedex;
			productReference = C050027B1C04DB9500C0DEA7 /* pokedex.app */;
			productType = "com.apple.product-type.application";
		};
/* End PBXNativeTarget section */

/* Begin PBXProject section */
		C05002731C04DB9500C0DEA7 /* Project object */ = {
			isa = PBXProject;
			attributes = {
				LastSwiftUpdateCheck = 0710;
				LastUpgradeCheck = 0710;
				ORGANIZATIONNAME = "Mehdaoui Badr";
				TargetAttributes = {
					C050027A1C04DB9500C0DEA7 = {
						CreatedOnToolsVersion = 7.1.1;
					};
				};
			};
			buildConfigurationList = C05002761C04DB9500C0DEA7 /* Build configuration list for PBXProject "pokedex" */;
			compatibilityVersion = "Xcode 3.2";
			developmentRegion = English;
			hasScannedForEncodings = 0;
			knownRegions = (
				en,
				Base,
			);
			mainGroup = C05002721C04DB9500C0DEA7;
			productRefGroup = C050027C1C04DB9500C0DEA7 /* Products */;
			projectDirPath = "";
			projectRoot = "";
			targets = (
				C050027A1C04DB9500C0DEA7 /* pokedex */,
			);
		};
/* End PBXProject section */

/* Begin PBXResourcesBuildPhase section */
		C05002791C04DB9500C0DEA7 /* Resources */ = {
			isa = PBXResourcesBuildPhase;
			buildActionMask = 2147483647;
			files = (
				C050029E1C07230100C0DEA7 /* pokemon.ttf in Resources */,
				C05002891C04DB9500C0DEA7 /* LaunchScreen.storyboard in Resources */,
				C05002A01C07255300C0DEA7 /* music.mp3 in Resources */,
				C05002861C04DB9500C0DEA7 /* Assets.xcassets in Resources */,
				C05002911C04DF2F00C0DEA7 /* pokemon.csv in Resources */,
				C05002841C04DB9500C0DEA7 /* Main.storyboard in Resources */,
			);
			runOnlyForDeploymentPostprocessing = 0;
		};
/* End PBXResourcesBuildPhase section */

/* Begin PBXSourcesBuildPhase section */
		C05002771C04DB9500C0DEA7 /* Sources */ = {
			isa = PBXSourcesBuildPhase;
			buildActionMask = 2147483647;
			files = (
				C05002971C04E80B00C0DEA7 /* PokeCell.swift in Sources */,
				C05002811C04DB9500C0DEA7 /* ViewController.swift in Sources */,
				C050027F1C04DB9500C0DEA7 /* AppDelegate.swift in Sources */,
				C05002941C04E0F100C0DEA7 /* Pokemon.swift in Sources */,
				C05002991C071DC300C0DEA7 /* csv.swift in Sources */,
			);
			runOnlyForDeploymentPostprocessing = 0;
		};
/* End PBXSourcesBuildPhase section */

/* Begin PBXVariantGroup section */
		C05002821C04DB9500C0DEA7 /* Main.storyboard */ = {
			isa = PBXVariantGroup;
			children = (
				C05002831C04DB9500C0DEA7 /* Base */,
			);
			name = Main.storyboard;
			sourceTree = "<group>";
		};
		C05002871C04DB9500C0DEA7 /* LaunchScreen.storyboard */ = {
			isa = PBXVariantGroup;
			children = (
				C05002881C04DB9500C0DEA7 /* Base */,
			);
			name = LaunchScreen.storyboard;
			sourceTree = "<group>";
		};
/* End PBXVariantGroup section */

/* Begin XCBuildConfiguration section */
		C050028B1C04DB9500C0DEA7 /* Debug */ = {
			isa = XCBuildConfiguration;
			buildSettings = {
				ALWAYS_SEARCH_USER_PATHS = NO;
				CLANG_CXX_LANGUAGE_STANDARD = "gnu++0x";
				CLANG_CXX_LIBRARY = "libc++";
				CLANG_ENABLE_MODULES = YES;
				CLANG_ENABLE_OBJC_ARC = YES;
				CLANG_WARN_BOOL_CONVERSION = YES;
				CLANG_WARN_CONSTANT_CONVERSION = YES;
				CLANG_WARN_DIRECT_OBJC_ISA_USAGE = YES_ERROR;
				CLANG_WARN_EMPTY_BODY = YES;
				CLANG_WARN_ENUM_CONVERSION = YES;
				CLANG_WARN_INT_CONVERSION = YES;
				CLANG_WARN_OBJC_ROOT_CLASS = YES_ERROR;
				CLANG_WARN_UNREACHABLE_CODE = YES;
				CLANG_WARN__DUPLICATE_METHOD_MATCH = YES;
				"CODE_SIGN_IDENTITY[sdk=iphoneos*]" = "iPhone Developer";
				COPY_PHASE_STRIP = NO;
				DEBUG_INFORMATION_FORMAT = dwarf;
				ENABLE_STRICT_OBJC_MSGSEND = YES;
				ENABLE_TESTABILITY = YES;
				GCC_C_LANGUAGE_STANDARD = gnu99;
				GCC_DYNAMIC_NO_PIC = NO;
				GCC_NO_COMMON_BLOCKS = YES;
				GCC_OPTIMIZATION_LEVEL = 0;
				GCC_PREPROCESSOR_DEFINITIONS = (
					"DEBUG=1",
					"$(inherited)",
				);
				GCC_WARN_64_TO_32_BIT_CONVERSION = YES;
				GCC_WARN_ABOUT_RETURN_TYPE = YES_ERROR;
				GCC_WARN_UNDECLARED_SELECTOR = YES;
				GCC_WARN_UNINITIALIZED_AUTOS = YES_AGGRESSIVE;
				GCC_WARN_UNUSED_FUNCTION = YES;
				GCC_WARN_UNUSED_VARIABLE = YES;
				IPHONEOS_DEPLOYMENT_TARGET = 9.1;
				MTL_ENABLE_DEBUG_INFO = YES;
				ONLY_ACTIVE_ARCH = YES;
				SDKROOT = iphoneos;
				SWIFT_OPTIMIZATION_LEVEL = "-Onone";
				TARGETED_DEVICE_FAMILY = "1,2";
			};
			name = Debug;
		};
		C050028C1C04DB9500C0DEA7 /* Release */ = {
			isa = XCBuildConfiguration;
			buildSettings = {
				ALWAYS_SEARCH_USER_PATHS = NO;
				CLANG_CXX_LANGUAGE_STANDARD = "gnu++0x";
				CLANG_CXX_LIBRARY = "libc++";
				CLANG_ENABLE_MODULES = YES;
				CLANG_ENABLE_OBJC_ARC = YES;
				CLANG_WARN_BOOL_CONVERSION = YES;
				CLANG_WARN_CONSTANT_CONVERSION = YES;
				CLANG_WARN_DIRECT_OBJC_ISA_USAGE = YES_ERROR;
				CLANG_WARN_EMPTY_BODY = YES;
				CLANG_WARN_ENUM_CONVERSION = YES;
				CLANG_WARN_INT_CONVERSION = YES;
				CLANG_WARN_OBJC_ROOT_CLASS = YES_ERROR;
				CLANG_WARN_UNREACHABLE_CODE = YES;
				CLANG_WARN__DUPLICATE_METHOD_MATCH = YES;
				"CODE_SIGN_IDENTITY[sdk=iphoneos*]" = "iPhone Developer";
				COPY_PHASE_STRIP = NO;
				DEBUG_INFORMATION_FORMAT = "dwarf-with-dsym";
				ENABLE_NS_ASSERTIONS = NO;
				ENABLE_STRICT_OBJC_MSGSEND = YES;
				GCC_C_LANGUAGE_STANDARD = gnu99;
				GCC_NO_COMMON_BLOCKS = YES;
				GCC_WARN_64_TO_32_BIT_CONVERSION = YES;
				GCC_WARN_ABOUT_RETURN_TYPE = YES_ERROR;
				GCC_WARN_UNDECLARED_SELECTOR = YES;
				GCC_WARN_UNINITIALIZED_AUTOS = YES_AGGRESSIVE;
				GCC_WARN_UNUSED_FUNCTION = YES;
				GCC_WARN_UNUSED_VARIABLE = YES;
				IPHONEOS_DEPLOYMENT_TARGET = 9.1;
				MTL_ENABLE_DEBUG_INFO = NO;
				SDKROOT = iphoneos;
				TARGETED_DEVICE_FAMILY = "1,2";
				VALIDATE_PRODUCT = YES;
			};
			name = Release;
		};
		C050028E1C04DB9500C0DEA7 /* Debug */ = {
			isa = XCBuildConfiguration;
			buildSettings = {
				ASSETCATALOG_COMPILER_APPICON_NAME = AppIcon;
				INFOPLIST_FILE = pokedex/Info.plist;
				LD_RUNPATH_SEARCH_PATHS = "$(inherited) @executable_path/Frameworks";
				PRODUCT_BUNDLE_IDENTIFIER = com.badr.pokedex;
				PRODUCT_NAME = "$(TARGET_NAME)";
			};
			name = Debug;
		};
		C050028F1C04DB9500C0DEA7 /* Release */ = {
			isa = XCBuildConfiguration;
			buildSettings = {
				ASSETCATALOG_COMPILER_APPICON_NAME = AppIcon;
				INFOPLIST_FILE = pokedex/Info.plist;
				LD_RUNPATH_SEARCH_PATHS = "$(inherited) @executable_path/Frameworks";
				PRODUCT_BUNDLE_IDENTIFIER = com.badr.pokedex;
				PRODUCT_NAME = "$(TARGET_NAME)";
			};
			name = Release;
		};
/* End XCBuildConfiguration section */

/* Begin XCConfigurationList section */
		C05002761C04DB9500C0DEA7 /* Build configuration list for PBXProject "pokedex" */ = {
			isa = XCConfigurationList;
			buildConfigurations = (
				C050028B1C04DB9500C0DEA7 /* Debug */,
				C050028C1C04DB9500C0DEA7 /* Release */,
			);
			defaultConfigurationIsVisible = 0;
			defaultConfigurationName = Release;
		};
		C050028D1C04DB9500C0DEA7 /* Build configuration list for PBXNativeTarget "pokedex" */ = {
			isa = XCConfigurationList;
			buildConfigurations = (
				C050028E1C04DB9500C0DEA7 /* Debug */,
				C050028F1C04DB9500C0DEA7 /* Release */,
			);
			defaultConfigurationIsVisible = 0;
		};
/* End XCConfigurationList section */
	};
	rootObject = C05002731C04DB9500C0DEA7 /* Project object */;
}
